
Microsoft Visual Studio Solution File, Format Version 12.00
# Visual Studio 14
VisualStudioVersion = 14.0.23107.0
MinimumVisualStudioVersion = 10.0.40219.1
Project("{8BC9CEB8-8B4A-11D0-8D11-00A0C91BC942}") = "Snake", "Snake\Snake.vcxproj", "{D7078059-D3DC-4AEB-AB88-D1C29CA0FA2C}"
	ProjectSection(ProjectDependencies) = postProject
		{E80FE2D4-6D50-4472-853C-C2CB1846B2FA} = {E80FE2D4-6D50-4472-853C-C2CB1846B2FA}
	EndProjectSection
EndProject
Project("{8BC9CEB8-8B4A-11D0-8D11-00A0C91BC942}") = "SexyAppBase", "..\PopCap\SexyAppFramework\SexyAppBase.vcxproj", "{E80FE2D4-6D50-4472-853C-C2CB1846B2FA}"
EndProject
Global
	GlobalSection(SolutionConfigurationPlatforms) = preSolution
		Debug|x64 = Debug|x64
		Debug|x86 = Debug|x86
		Release|x64 = Release|x64
		Release|x86 = Release|x86
	EndGlobalSection
	GlobalSection(ProjectConfigurationPlatforms) = postSolution
		{D7078059-D3DC-4AEB-AB88-D1C29CA0FA2C}.Debug|x64.ActiveCfg = Debug|x64
		{D7078059-D3DC-4AEB-AB88-D1C29CA0FA2C}.Debug|x64.Build.0 = Debug|x64
		{D7078059-D3DC-4AEB-AB88-D1C29CA0FA2C}.Debug|x86.ActiveCfg = Debug|Win32
		{D7078059-D3DC-4AEB-AB88-D1C29CA0FA2C}.Debug|x86.Build.0 = Debug|Win32
		{D7078059-D3DC-4AEB-AB88-D1C29CA0FA2C}.Release|x64.ActiveCfg = Release|x64
		{D7078059-D3DC-4AEB-AB88-D1C29CA0FA2C}.Release|x64.Build.0 = Release|x64
		{D7078059-D3DC-4AEB-AB88-D1C29CA0FA2C}.Release|x86.ActiveCfg = Release|Win32
		{D7078059-D3DC-4AEB-AB88-D1C29CA0FA2C}.Release|x86.Build.0 = Release|Win32
		{E80FE2D4-6D50-4472-853C-C2CB1846B2FA}.Debug|x64.ActiveCfg = Debug|Win32
		{E80FE2D4-6D50-4472-853C-C2CB1846B2FA}.Debug|x86.ActiveCfg = Debug|Win32
		{E80FE2D4-6D50-4472-853C-C2CB1846B2FA}.Debug|x86.Build.0 = Debug|Win32
		{E80FE2D4-6D50-4472-853C-C2CB1846B2FA}.Release|x64.ActiveCfg = Release|Win32
		{E80FE2D4-6D50-4472-853C-C2CB1846B2FA}.Release|x86.ActiveCfg = Release|Win32
		{E80FE2D4-6D50-4472-853C-C2CB1846B2FA}.Release|x86.Build.0 = Release|Win32
	EndGlobalSection
	GlobalSection(SolutionProperties) = preSolution
		HideSolutionNode = FALSE
	EndGlobalSection
EndGlobal
